github.com/ikawaha/kagome-dict v1.1.2 h1:VJxjsNPl/dzCd2022Je6KLHlSBXJJ4v6wzMBaK65SGU=
github.com/ikawaha/kagome-dict v1.1.2/go.mod h1:vCezTsAry4MpUl2n2NUfE1CG3meQlxulWfglT7pf1gw=
github.com/ikawaha/kagome-dict v1.1.7 h1:O/uAL+WCGhp6kT0+szxBSPaSM4i+vdArSefFvJE4Nug=
github.com/ikawaha/kagome-dict v1.1.7/go.mod h1:9tvk7/jZkvYt40foxkB9CqSAAknoQrIPfzqQd05UkFw=
github.com/ikawaha/kagome-dict/ipa v1.2.1 h1:+pPV8tH9Wz699AnxvYu7OGYUTfgcDSs3OJW0VuYrUNM=
github.com/ikawaha/kagome-dict/ipa v1.2.1/go.mod h1:AjHGD0cctM9lnSS6SKqeTw0DaI2vTRVuTkFy1WGw6No=
github.com/ikawaha/kagome-dict/ipa v1.2.6 h1:Bcvm4jgxAAnTIKb6ckqUKBiFDN0wuanFfycMuYt7xGQ=
github.com/ikawaha/kagome-dict/ipa v1.2.6/go.mod h1:ONdTMUAKMCq9yx4s69QRtPcJLEMVM0BNNYQrMCJLWb0=
github.com/ikawaha/kagome-dict/uni v1.2.6 h1:q5AzlkZ0bFAUmX5EKN/hfb5Ze39pJHyZm+65seQFjdM=
github.com/ikawaha/kagome-dict/uni v1.2.6/go.mod h1:YKr6RV/SKGoEHl4pcxzFnsVemRpRISwgTpSZqqwZbKs=
github.com/ikawaha/kagome/v2 v2.10.1 h1:DeczoMh1T03ay0ukGyMRJTnznlOL/Fgnz+vRNp77l2o=
github.com/ikawaha/kagome/v2 v2.10.1/go.mod h1:Smz59vvaZ1GxofSQZq0WZAWqDdSijYPjx9u7DRYz7EE=
github.com/ikawaha/kagome/v2 v2.10.3 h1:k6ocIsSi1q4kX9SMVHWuEL6iwk8E32F/CgytgrZcFTA=
github.com/ikawaha/kagome/v2 v2.10.3/go.mod h1:6mYPezBou+iNVnX9uNa00Sfu6S6t2zcM8Nv1EW9Y9so=
golang.org/x/text v0.23.0 h1:D71I7dUrlY+VX0gQShAThNGHFxZ13dGLBHQLVl1mJlY=
golang.org/x/text v0.23.0/go.mod h1:/BLNzu4aZCJ1+kcD0DNRotWKage4q2rGVAg4o22unh4=
golang.org/x/text v0.32.0 h1:ZD01bjUt1FQ9WJ0ClOL5vxgxOI/sVCNgX1YtKwcY0mU=
golang.org/x/text v0.32.0/go.mod h1:o/rUWzghvpD5TXrTIBuJU77MTaN0ljMWE47kxGJQ7jY=
